
Microsoft Visual Studio Solution File, Format Version 12.00
# Visual Studio Version 16
VisualStudioVersion = 16.0.33927.289
MinimumVisualStudioVersion = 10.0.40219.1
Project("{FAE04EC0-301F-11D3-BF4B-00C04F79EFBC}") = "DoublyLinkedLists", "DoublyLinkedLists\DoublyLinkedLists.csproj", "{1C767ED0-7413-4F98-9EF8-D14552C4AF4F}"
EndProject
Global
	GlobalSection(SolutionConfigurationPlatforms) = preSolution
		Debug|Any CPU = Debug|Any CPU
		Release|Any CPU = Release|Any CPU
	EndGlobalSection
	GlobalSection(ProjectConfigurationPlatforms) = postSolution
		{1C767ED0-7413-4F98-9EF8-D14552C4AF4F}.Debug|Any CPU.ActiveCfg = Debug|Any CPU
		{1C767ED0-7413-4F98-9EF8-D14552C4AF4F}.Debug|Any CPU.Build.0 = Debug|Any CPU
		{1C767ED0-7413-4F98-9EF8-D14552C4AF4F}.Release|Any CPU.ActiveCfg = Release|Any CPU
		{1C767ED0-7413-4F98-9EF8-D14552C4AF4F}.Release|Any CPU.Build.0 = Release|Any CPU
	EndGlobalSection
	GlobalSection(SolutionProperties) = preSolution
		HideSolutionNode = FALSE
	EndGlobalSection
	GlobalSection(ExtensibilityGlobals) = postSolution
		SolutionGuid = {D6C779CF-694F-4E9E-936E-D21DDAE9E13B}
	EndGlobalSection
EndGlobal
